
Microsoft Visual Studio Solution File, Format Version 12.00
# Visual Studio Version 17
VisualStudioVersion = 17.8.34330.188
MinimumVisualStudioVersion = 10.0.40219.1
Project("{9A19103F-16F7-4668-BE54-9A1E7A4F7556}") = "ConsoleUI", "ConsoleUI\ConsoleUI.csproj", "{93A42C6B-02A2-4C50-8866-BABDEF49A4EF}"
EndProject
Project("{9A19103F-16F7-4668-BE54-9A1E7A4F7556}") = "Business", "Business\Business.csproj", "{78E56BD4-CB4D-478D-B5AA-327322F4D992}"
EndProject
Project("{9A19103F-16F7-4668-BE54-9A1E7A4F7556}") = "DataAccess", "DataAccess\DataAccess.csproj", "{33CABB1A-28CB-4025-9502-6228C7D2FE90}"
EndProject
Project("{9A19103F-16F7-4668-BE54-9A1E7A4F7556}") = "Entities", "Entities\Entities.csproj", "{378C1FE1-67B8-4864-BBFC-2B22DEE5D3BB}"
EndProject
Project("{9A19103F-16F7-4668-BE54-9A1E7A4F7556}") = "Core", "Core\Core.csproj", "{0DF66706-35FA-475E-85AE-E7DA725687DF}"
EndProject
Project("{FAE04EC0-301F-11D3-BF4B-00C04F79EFBC}") = "WebAPI", "WebAPI\WebAPI.csproj", "{059A13F2-EBD1-4858-9162-95983EA538DC}"
EndProject
Global
	GlobalSection(SolutionConfigurationPlatforms) = preSolution
		Debug|Any CPU = Debug|Any CPU
		Release|Any CPU = Release|Any CPU
	EndGlobalSection
	GlobalSection(ProjectConfigurationPlatforms) = postSolution
		{93A42C6B-02A2-4C50-8866-BABDEF49A4EF}.Debug|Any CPU.ActiveCfg = Debug|Any CPU
		{93A42C6B-02A2-4C50-8866-BABDEF49A4EF}.Debug|Any CPU.Build.0 = Debug|Any CPU
		{93A42C6B-02A2-4C50-8866-BABDEF49A4EF}.Release|Any CPU.ActiveCfg = Release|Any CPU
		{93A42C6B-02A2-4C50-8866-BABDEF49A4EF}.Release|Any CPU.Build.0 = Release|Any CPU
		{78E56BD4-CB4D-478D-B5AA-327322F4D992}.Debug|Any CPU.ActiveCfg = Debug|Any CPU
		{78E56BD4-CB4D-478D-B5AA-327322F4D992}.Debug|Any CPU.Build.0 = Debug|Any CPU
		{78E56BD4-CB4D-478D-B5AA-327322F4D992}.Release|Any CPU.ActiveCfg = Release|Any CPU
		{78E56BD4-CB4D-478D-B5AA-327322F4D992}.Release|Any CPU.Build.0 = Release|Any CPU
		{33CABB1A-28CB-4025-9502-6228C7D2FE90}.Debug|Any CPU.ActiveCfg = Debug|Any CPU
		{33CABB1A-28CB-4025-9502-6228C7D2FE90}.Debug|Any CPU.Build.0 = Debug|Any CPU
		{33CABB1A-28CB-4025-9502-6228C7D2FE90}.Release|Any CPU.ActiveCfg = Release|Any CPU
		{33CABB1A-28CB-4025-9502-6228C7D2FE90}.Release|Any CPU.Build.0 = Release|Any CPU
		{378C1FE1-67B8-4864-BBFC-2B22DEE5D3BB}.Debug|Any CPU.ActiveCfg = Debug|Any CPU
		{378C1FE1-67B8-4864-BBFC-2B22DEE5D3BB}.Debug|Any CPU.Build.0 = Debug|Any CPU
		{378C1FE1-67B8-4864-BBFC-2B22DEE5D3BB}.Release|Any CPU.ActiveCfg = Release|Any CPU
		{378C1FE1-67B8-4864-BBFC-2B22DEE5D3BB}.Release|Any CPU.Build.0 = Release|Any CPU
		{0DF66706-35FA-475E-85AE-E7DA725687DF}.Debug|Any CPU.ActiveCfg = Debug|Any CPU
		{0DF66706-35FA-475E-85AE-E7DA725687DF}.Debug|Any CPU.Build.0 = Debug|Any CPU
		{0DF66706-35FA-475E-85AE-E7DA725687DF}.Release|Any CPU.ActiveCfg = Release|Any CPU
		{0DF66706-35FA-475E-85AE-E7DA725687DF}.Release|Any CPU.Build.0 = Release|Any CPU
		{059A13F2-EBD1-4858-9162-95983EA538DC}.Debug|Any CPU.ActiveCfg = Debug|Any CPU
		{059A13F2-EBD1-4858-9162-95983EA538DC}.Debug|Any CPU.Build.0 = Debug|Any CPU
		{059A13F2-EBD1-4858-9162-95983EA538DC}.Release|Any CPU.ActiveCfg = Release|Any CPU
		{059A13F2-EBD1-4858-9162-95983EA538DC}.Release|Any CPU.Build.0 = Release|Any CPU
	EndGlobalSection
	GlobalSection(SolutionProperties) = preSolution
		HideSolutionNode = FALSE
	EndGlobalSection
	GlobalSection(ExtensibilityGlobals) = postSolution
		SolutionGuid = {4B5D1DF7-D3B4-48F0-AAAA-5F087E8FBD53}
	EndGlobalSection
EndGlobal
